
Microsoft Visual Studio Solution File, Format Version 12.00
# Visual Studio Version 17
VisualStudioVersion = 17.0.31903.59
MinimumVisualStudioVersion = 10.0.40219.1
Project("{FAE04EC0-301F-11D3-BF4B-00C04F79EFBC}") = "KOBASH", "KOBASH\KOBASH.csproj", "{1C3ADA23-4AF1-43E7-BEAA-DC292F3195B1}"
EndProject
Project("{2150E333-8FDC-42A3-9474-1A3956D46DE8}") = "Solution Items", "Solution Items", "{D0901592-022D-46B2-A00D-3F6D3F6BE285}"
	ProjectSection(SolutionItems) = preProject
		.editorconfig = .editorconfig
	EndProjectSection
EndProject
Global
	GlobalSection(SolutionConfigurationPlatforms) = preSolution
		Debug|Any CPU = Debug|Any CPU
		Release|Any CPU = Release|Any CPU
	EndGlobalSection
	GlobalSection(ProjectConfigurationPlatforms) = postSolution
		{1C3ADA23-4AF1-43E7-BEAA-DC292F3195B1}.Debug|Any CPU.ActiveCfg = Debug|Any CPU
		{1C3ADA23-4AF1-43E7-BEAA-DC292F3195B1}.Debug|Any CPU.Build.0 = Debug|Any CPU
		{1C3ADA23-4AF1-43E7-BEAA-DC292F3195B1}.Release|Any CPU.ActiveCfg = Release|Any CPU
		{1C3ADA23-4AF1-43E7-BEAA-DC292F3195B1}.Release|Any CPU.Build.0 = Release|Any CPU
	EndGlobalSection
	GlobalSection(SolutionProperties) = preSolution
		HideSolutionNode = FALSE
	EndGlobalSection
	GlobalSection(ExtensibilityGlobals) = postSolution
		SolutionGuid = {5017B19F-CE40-4028-B752-289917666070}
	EndGlobalSection
EndGlobal
